
Microsoft Visual Studio Solution File, Format Version 12.00
# Visual Studio 15
VisualStudioVersion = 15.0.26730.16
MinimumVisualStudioVersion = 10.0.40219.1
Project("{FAE04EC0-301F-11D3-BF4B-00C04F79EFBC}") = "ServicoWCF", "ServicoWCF\ServicoWCF.csproj", "{C276A92C-691D-404B-BE5A-FEB1078F79EA}"
EndProject
Project("{FAE04EC0-301F-11D3-BF4B-00C04F79EFBC}") = "MVC", "MVC\MVC.csproj", "{FE1CFF46-1163-4A8A-AF56-5327BC01714E}"
EndProject
Global
	GlobalSection(SolutionConfigurationPlatforms) = preSolution
		Debug|Any CPU = Debug|Any CPU
		Release|Any CPU = Release|Any CPU
	EndGlobalSection
	GlobalSection(ProjectConfigurationPlatforms) = postSolution
		{C276A92C-691D-404B-BE5A-FEB1078F79EA}.Debug|Any CPU.ActiveCfg = Debug|Any CPU
		{C276A92C-691D-404B-BE5A-FEB1078F79EA}.Debug|Any CPU.Build.0 = Debug|Any CPU
		{C276A92C-691D-404B-BE5A-FEB1078F79EA}.Release|Any CPU.ActiveCfg = Release|Any CPU
		{C276A92C-691D-404B-BE5A-FEB1078F79EA}.Release|Any CPU.Build.0 = Release|Any CPU
		{FE1CFF46-1163-4A8A-AF56-5327BC01714E}.Debug|Any CPU.ActiveCfg = Debug|Any CPU
		{FE1CFF46-1163-4A8A-AF56-5327BC01714E}.Debug|Any CPU.Build.0 = Debug|Any CPU
		{FE1CFF46-1163-4A8A-AF56-5327BC01714E}.Release|Any CPU.ActiveCfg = Release|Any CPU
		{FE1CFF46-1163-4A8A-AF56-5327BC01714E}.Release|Any CPU.Build.0 = Release|Any CPU
	EndGlobalSection
	GlobalSection(SolutionProperties) = preSolution
		HideSolutionNode = FALSE
	EndGlobalSection
	GlobalSection(ExtensibilityGlobals) = postSolution
		SolutionGuid = {96A1EC49-B745-45CB-9848-28EFB82E66DA}
	EndGlobalSection
EndGlobal
